// !$*UTF8*$!
{
	archiveVersion = 1;
	classes = {
	};
	objectVersion = 50;
	objects = {

/* Begin PBXBuildFile section */
		DA7034A120D8A9910086CF7A /* AppDelegate.swift in Sources */ = {isa = PBXBuildFile; fileRef = DA7034A020D8A9910086CF7A /* AppDelegate.swift */; };
		DA7034A820D8A9910086CF7A /* Main.storyboard in Resources */ = {isa = PBXBuildFile; fileRef = DA7034A620D8A9910086CF7A /* Main.storyboard */; };
		DA7034AA20D8A9920086CF7A /* Assets.xcassets in Resources */ = {isa = PBXBuildFile; fileRef = DA7034A920D8A9920086CF7A /* Assets.xcassets */; };
		DA7034AD20D8A9920086CF7A /* LaunchScreen.storyboard in Resources */ = {isa = PBXBuildFile; fileRef = DA7034AB20D8A9920086CF7A /* LaunchScreen.storyboard */; };
		DA7034B520D8ABB30086CF7A /* HomeScreenViewController.swift in Sources */ = {isa = PBXBuildFile; fileRef = DA7034B420D8ABB30086CF7A /* HomeScreenViewController.swift */; };
		DA7034B720D8AEF00086CF7A /* MTPConnectionViewController.swift in Sources */ = {isa = PBXBuildFile; fileRef = DA7034B620D8AEF00086CF7A /* MTPConnectionViewController.swift */; };
		DA7034BC20D8AF500086CF7A /* MultipeerDataParser.swift in Sources */ = {isa = PBXBuildFile; fileRef = DA7034B920D8AF500086CF7A /* MultipeerDataParser.swift */; };
		DA7034BD20D8AF500086CF7A /* MultipeerNetWorkNode.swift in Sources */ = {isa = PBXBuildFile; fileRef = DA7034BA20D8AF500086CF7A /* MultipeerNetWorkNode.swift */; };
		DA7034BE20D8AF500086CF7A /* MultipeerNetWorkManager.swift in Sources */ = {isa = PBXBuildFile; fileRef = DA7034BB20D8AF500086CF7A /* MultipeerNetWorkManager.swift */; };
/* End PBXBuildFile section */

/* Begin PBXFileReference section */
		DA70349D20D8A9910086CF7A /* nearby.app */ = {isa = PBXFileReference; explicitFileType = wrapper.application; includeInIndex = 0; path = nearby.app; sourceTree = BUILT_PRODUCTS_DIR; };
		DA7034A020D8A9910086CF7A /* AppDelegate.swift */ = {isa = PBXFileReference; lastKnownFileType = sourcecode.swift; path = AppDelegate.swift; sourceTree = "<group>"; };
		DA7034A720D8A9910086CF7A /* Base */ = {isa = PBXFileReference; lastKnownFileType = file.storyboard; name = Base; path = Base.lproj/Main.storyboard; sourceTree = "<group>"; };
		DA7034A920D8A9920086CF7A /* Assets.xcassets */ = {isa = PBXFileReference; lastKnownFileType = folder.assetcatalog; path = Assets.xcassets; sourceTree = "<group>"; };
		DA7034AC20D8A9920086CF7A /* Base */ = {isa = PBXFileReference; lastKnownFileType = file.storyboard; name = Base; path = Base.lproj/LaunchScreen.storyboard; sourceTree = "<group>"; };
		DA7034AE20D8A9920086CF7A /* Info.plist */ = {isa = PBXFileReference; lastKnownFileType = text.plist.xml; path = Info.plist; sourceTree = "<group>"; };
		DA7034B420D8ABB30086CF7A /* HomeScreenViewController.swift */ = {isa = PBXFileReference; lastKnownFileType = sourcecode.swift; path = HomeScreenViewController.swift; sourceTree = "<group>"; };
		DA7034B620D8AEF00086CF7A /* MTPConnectionViewController.swift */ = {isa = PBXFileReference; lastKnownFileType = sourcecode.swift; path = MTPConnectionViewController.swift; sourceTree = "<group>"; };
		DA7034B920D8AF500086CF7A /* MultipeerDataParser.swift */ = {isa = PBXFileReference; fileEncoding = 4; lastKnownFileType = sourcecode.swift; path = MultipeerDataParser.swift; sourceTree = "<group>"; };
		DA7034BA20D8AF500086CF7A /* MultipeerNetWorkNode.swift */ = {isa = PBXFileReference; fileEncoding = 4; lastKnownFileType = sourcecode.swift; path = MultipeerNetWorkNode.swift; sourceTree = "<group>"; };
		DA7034BB20D8AF500086CF7A /* MultipeerNetWorkManager.swift */ = {isa = PBXFileReference; fileEncoding = 4; lastKnownFileType = sourcecode.swift; path = MultipeerNetWorkManager.swift; sourceTree = "<group>"; };
/* End PBXFileReference section */

/* Begin PBXFrameworksBuildPhase section */
		DA70349A20D8A9910086CF7A /* Frameworks */ = {
			isa = PBXFrameworksBuildPhase;
			buildActionMask = 2147483647;
			files = (
			);
			runOnlyForDeploymentPostprocessing = 0;
		};
/* End PBXFrameworksBuildPhase section */

/* Begin PBXGroup section */
		DA70349420D8A9910086CF7A = {
			isa = PBXGroup;
			children = (
				DA70349F20D8A9910086CF7A /* nearby */,
				DA70349E20D8A9910086CF7A /* Products */,
			);
			sourceTree = "<group>";
		};
		DA70349E20D8A9910086CF7A /* Products */ = {
			isa = PBXGroup;
			children = (
				DA70349D20D8A9910086CF7A /* nearby.app */,
			);
			name = Products;
			sourceTree = "<group>";
		};
		DA70349F20D8A9910086CF7A /* nearby */ = {
			isa = PBXGroup;
			children = (
				DA7034A020D8A9910086CF7A /* AppDelegate.swift */,
				DA7034B620D8AEF00086CF7A /* MTPConnectionViewController.swift */,
				DA7034B420D8ABB30086CF7A /* HomeScreenViewController.swift */,
				DA7034A620D8A9910086CF7A /* Main.storyboard */,
				DA7034A920D8A9920086CF7A /* Assets.xcassets */,
				DA7034AB20D8A9920086CF7A /* LaunchScreen.storyboard */,
				DA7034AE20D8A9920086CF7A /* Info.plist */,
				DA7034B820D8AF250086CF7A /* MutilpeerFrameWork */,
			);
			path = nearby;
			sourceTree = "<group>";
		};
		DA7034B820D8AF250086CF7A /* MutilpeerFrameWork */ = {
			isa = PBXGroup;
			children = (
				DA7034B920D8AF500086CF7A /* MultipeerDataParser.swift */,
				DA7034BB20D8AF500086CF7A /* MultipeerNetWorkManager.swift */,
				DA7034BA20D8AF500086CF7A /* MultipeerNetWorkNode.swift */,
			);
			path = MutilpeerFrameWork;
			sourceTree = "<group>";
		};
/* End PBXGroup section */

/* Begin PBXNativeTarget section */
		DA70349C20D8A9910086CF7A /* nearby */ = {
			isa = PBXNativeTarget;
			buildConfigurationList = DA7034B120D8A9920086CF7A /* Build configuration list for PBXNativeTarget "nearby" */;
			buildPhases = (
				DA70349920D8A9910086CF7A /* Sources */,
				DA70349A20D8A9910086CF7A /* Frameworks */,
				DA70349B20D8A9910086CF7A /* Resources */,
			);
			buildRules = (
			);
			dependencies = (
			);
			name = nearby;
			productName = nearby;
			productReference = DA70349D20D8A9910086CF7A /* nearby.app */;
			productType = "com.apple.product-type.application";
		};
/* End PBXNativeTarget section */

/* Begin PBXProject section */
		DA70349520D8A9910086CF7A /* Project object */ = {
			isa = PBXProject;
			attributes = {
				LastSwiftUpdateCheck = 0940;
				LastUpgradeCheck = 0940;
				ORGANIZATIONNAME = Xie;
				TargetAttributes = {
					DA70349C20D8A9910086CF7A = {
						CreatedOnToolsVersion = 9.4;
					};
				};
			};
			buildConfigurationList = DA70349820D8A9910086CF7A /* Build configuration list for PBXProject "nearby" */;
			compatibilityVersion = "Xcode 9.3";
			developmentRegion = en;
			hasScannedForEncodings = 0;
			knownRegions = (
				en,
				Base,
			);
			mainGroup = DA70349420D8A9910086CF7A;
			productRefGroup = DA70349E20D8A9910086CF7A /* Products */;
			projectDirPath = "";
			projectRoot = "";
			targets = (
				DA70349C20D8A9910086CF7A /* nearby */,
			);
		};
/* End PBXProject section */

/* Begin PBXResourcesBuildPhase section */
		DA70349B20D8A9910086CF7A /* Resources */ = {
			isa = PBXResourcesBuildPhase;
			buildActionMask = 2147483647;
			files = (
				DA7034AD20D8A9920086CF7A /* LaunchScreen.storyboard in Resources */,
				DA7034AA20D8A9920086CF7A /* Assets.xcassets in Resources */,
				DA7034A820D8A9910086CF7A /* Main.storyboard in Resources */,
			);
			runOnlyForDeploymentPostprocessing = 0;
		};
/* End PBXResourcesBuildPhase section */

/* Begin PBXSourcesBuildPhase section */
		DA70349920D8A9910086CF7A /* Sources */ = {
			isa = PBXSourcesBuildPhase;
			buildActionMask = 2147483647;
			files = (
				DA7034B720D8AEF00086CF7A /* MTPConnectionViewController.swift in Sources */,
				DA7034BC20D8AF500086CF7A /* MultipeerDataParser.swift in Sources */,
				DA7034B520D8ABB30086CF7A /* HomeScreenViewController.swift in Sources */,
				DA7034BD20D8AF500086CF7A /* MultipeerNetWorkNode.swift in Sources */,
				DA7034BE20D8AF500086CF7A /* MultipeerNetWorkManager.swift in Sources */,
				DA7034A120D8A9910086CF7A /* AppDelegate.swift in Sources */,
			);
			runOnlyForDeploymentPostprocessing = 0;
		};
/* End PBXSourcesBuildPhase section */

/* Begin PBXVariantGroup section */
		DA7034A620D8A9910086CF7A /* Main.storyboard */ = {
			isa = PBXVariantGroup;
			children = (
				DA7034A720D8A9910086CF7A /* Base */,
			);
			name = Main.storyboard;
			sourceTree = "<group>";
		};
		DA7034AB20D8A9920086CF7A /* LaunchScreen.storyboard */ = {
			isa = PBXVariantGroup;
			children = (
				DA7034AC20D8A9920086CF7A /* Base */,
			);
			name = LaunchScreen.storyboard;
			sourceTree = "<group>";
		};
/* End PBXVariantGroup section */

/* Begin XCBuildConfiguration section */
		DA7034AF20D8A9920086CF7A /* Debug */ = {
			isa = XCBuildConfiguration;
			buildSettings = {
				ALWAYS_SEARCH_USER_PATHS = NO;
				CLANG_ANALYZER_NONNULL = YES;
				CLANG_ANALYZER_NUMBER_OBJECT_CONVERSION = YES_AGGRESSIVE;
				CLANG_CXX_LANGUAGE_STANDARD = "gnu++14";
				CLANG_CXX_LIBRARY = "libc++";
				CLANG_ENABLE_MODULES = YES;
				CLANG_ENABLE_OBJC_ARC = YES;
				CLANG_ENABLE_OBJC_WEAK = YES;
				CLANG_WARN_BLOCK_CAPTURE_AUTORELEASING = YES;
				CLANG_WARN_BOOL_CONVERSION = YES;
				CLANG_WARN_COMMA = YES;
				CLANG_WARN_CONSTANT_CONVERSION = YES;
				CLANG_WARN_DEPRECATED_OBJC_IMPLEMENTATIONS = YES;
				CLANG_WARN_DIRECT_OBJC_ISA_USAGE = YES_ERROR;
				CLANG_WARN_DOCUMENTATION_COMMENTS = YES;
				CLANG_WARN_EMPTY_BODY = YES;
				CLANG_WARN_ENUM_CONVERSION = YES;
				CLANG_WARN_INFINITE_RECURSION = YES;
				CLANG_WARN_INT_CONVERSION = YES;
				CLANG_WARN_NON_LITERAL_NULL_CONVERSION = YES;
				CLANG_WARN_OBJC_IMPLICIT_RETAIN_SELF = YES;
				CLANG_WARN_OBJC_LITERAL_CONVERSION = YES;
				CLANG_WARN_OBJC_ROOT_CLASS = YES_ERROR;
				CLANG_WARN_RANGE_LOOP_ANALYSIS = YES;
				CLANG_WARN_STRICT_PROTOTYPES = YES;
				CLANG_WARN_SUSPICIOUS_MOVE = YES;
				CLANG_WARN_UNGUARDED_AVAILABILITY = YES_AGGRESSIVE;
				CLANG_WARN_UNREACHABLE_CODE = YES;
				CLANG_WARN__DUPLICATE_METHOD_MATCH = YES;
				CODE_SIGN_IDENTITY = "iPhone Developer";
				COPY_PHASE_STRIP = NO;
				DEBUG_INFORMATION_FORMAT = dwarf;
				ENABLE_STRICT_OBJC_MSGSEND = YES;
				ENABLE_TESTABILITY = YES;
				GCC_C_LANGUAGE_STANDARD = gnu11;
				GCC_DYNAMIC_NO_PIC = NO;
				GCC_NO_COMMON_BLOCKS = YES;
				GCC_OPTIMIZATION_LEVEL = 0;
				GCC_PREPROCESSOR_DEFINITIONS = (
					"DEBUG=1",
					"$(inherited)",
				);
				GCC_WARN_64_TO_32_BIT_CONVERSION = YES;
				GCC_WARN_ABOUT_RETURN_TYPE = YES_ERROR;
				GCC_WARN_UNDECLARED_SELECTOR = YES;
				GCC_WARN_UNINITIALIZED_AUTOS = YES_AGGRESSIVE;
				GCC_WARN_UNUSED_FUNCTION = YES;
				GCC_WARN_UNUSED_VARIABLE = YES;
				IPHONEOS_DEPLOYMENT_TARGET = 11.4;
				MTL_ENABLE_DEBUG_INFO = YES;
				ONLY_ACTIVE_ARCH = YES;
				SDKROOT = iphoneos;
				SWIFT_ACTIVE_COMPILATION_CONDITIONS = DEBUG;
				SWIFT_OPTIMIZATION_LEVEL = "-Onone";
			};
			name = Debug;
		};
		DA7034B020D8A9920086CF7A /* Release */ = {
			isa = XCBuildConfiguration;
			buildSettings = {
				ALWAYS_SEARCH_USER_PATHS = NO;
				CLANG_ANALYZER_NONNULL = YES;
				CLANG_ANALYZER_NUMBER_OBJECT_CONVERSION = YES_AGGRESSIVE;
				CLANG_CXX_LANGUAGE_STANDARD = "gnu++14";
				CLANG_CXX_LIBRARY = "libc++";
				CLANG_ENABLE_MODULES = YES;
				CLANG_ENABLE_OBJC_ARC = YES;
				CLANG_ENABLE_OBJC_WEAK = YES;
				CLANG_WARN_BLOCK_CAPTURE_AUTORELEASING = YES;
				CLANG_WARN_BOOL_CONVERSION = YES;
				CLANG_WARN_COMMA = YES;
				CLANG_WARN_CONSTANT_CONVERSION = YES;
				CLANG_WARN_DEPRECATED_OBJC_IMPLEMENTATIONS = YES;
				CLANG_WARN_DIRECT_OBJC_ISA_USAGE = YES_ERROR;
				CLANG_WARN_DOCUMENTATION_COMMENTS = YES;
				CLANG_WARN_EMPTY_BODY = YES;
				CLANG_WARN_ENUM_CONVERSION = YES;
				CLANG_WARN_INFINITE_RECURSION = YES;
				CLANG_WARN_INT_CONVERSION = YES;
				CLANG_WARN_NON_LITERAL_NULL_CONVERSION = YES;
				CLANG_WARN_OBJC_IMPLICIT_RETAIN_SELF = YES;
				CLANG_WARN_OBJC_LITERAL_CONVERSION = YES;
				CLANG_WARN_OBJC_ROOT_CLASS = YES_ERROR;
				CLANG_WARN_RANGE_LOOP_ANALYSIS = YES;
				CLANG_WARN_STRICT_PROTOTYPES = YES;
				CLANG_WARN_SUSPICIOUS_MOVE = YES;
				CLANG_WARN_UNGUARDED_AVAILABILITY = YES_AGGRESSIVE;
				CLANG_WARN_UNREACHABLE_CODE = YES;
				CLANG_WARN__DUPLICATE_METHOD_MATCH = YES;
				CODE_SIGN_IDENTITY = "iPhone Developer";
				COPY_PHASE_STRIP = NO;
				DEBUG_INFORMATION_FORMAT = "dwarf-with-dsym";
				ENABLE_NS_ASSERTIONS = NO;
				ENABLE_STRICT_OBJC_MSGSEND = YES;
				GCC_C_LANGUAGE_STANDARD = gnu11;
				GCC_NO_COMMON_BLOCKS = YES;
				GCC_WARN_64_TO_32_BIT_CONVERSION = YES;
				GCC_WARN_ABOUT_RETURN_TYPE = YES_ERROR;
				GCC_WARN_UNDECLARED_SELECTOR = YES;
				GCC_WARN_UNINITIALIZED_AUTOS = YES_AGGRESSIVE;
				GCC_WARN_UNUSED_FUNCTION = YES;
				GCC_WARN_UNUSED_VARIABLE = YES;
				IPHONEOS_DEPLOYMENT_TARGET = 11.4;
				MTL_ENABLE_DEBUG_INFO = NO;
				SDKROOT = iphoneos;
				SWIFT_COMPILATION_MODE = wholemodule;
				SWIFT_OPTIMIZATION_LEVEL = "-O";
				VALIDATE_PRODUCT = YES;
			};
			name = Release;
		};
		DA7034B220D8A9920086CF7A /* Debug */ = {
			isa = XCBuildConfiguration;
			buildSettings = {
				ASSETCATALOG_COMPILER_APPICON_NAME = AppIcon;
				CODE_SIGN_STYLE = Automatic;
				DEVELOPMENT_TEAM = 4S9ASJUQLQ;
				INFOPLIST_FILE = nearby/Info.plist;
				IPHONEOS_DEPLOYMENT_TARGET = 11.0;
				LD_RUNPATH_SEARCH_PATHS = (
					"$(inherited)",
					"@executable_path/Frameworks",
				);
				PRODUCT_BUNDLE_IDENTIFIER = classical.nearby;
				PRODUCT_NAME = "$(TARGET_NAME)";
				SWIFT_VERSION = 4.0;
				TARGETED_DEVICE_FAMILY = "1,2";
			};
			name = Debug;
		};
		DA7034B320D8A9920086CF7A /* Release */ = {
			isa = XCBuildConfiguration;
			buildSettings = {
				ASSETCATALOG_COMPILER_APPICON_NAME = AppIcon;
				CODE_SIGN_STYLE = Automatic;
				DEVELOPMENT_TEAM = 4S9ASJUQLQ;
				INFOPLIST_FILE = nearby/Info.plist;
				IPHONEOS_DEPLOYMENT_TARGET = 11.0;
				LD_RUNPATH_SEARCH_PATHS = (
					"$(inherited)",
					"@executable_path/Frameworks",
				);
				PRODUCT_BUNDLE_IDENTIFIER = classical.nearby;
				PRODUCT_NAME = "$(TARGET_NAME)";
				SWIFT_VERSION = 4.0;
				TARGETED_DEVICE_FAMILY = "1,2";
			};
			name = Release;
		};
/* End XCBuildConfiguration section */

/* Begin XCConfigurationList section */
		DA70349820D8A9910086CF7A /* Build configuration list for PBXProject "nearby" */ = {
			isa = XCConfigurationList;
			buildConfigurations = (
				DA7034AF20D8A9920086CF7A /* Debug */,
				DA7034B020D8A9920086CF7A /* Release */,
			);
			defaultConfigurationIsVisible = 0;
			defaultConfigurationName = Release;
		};
		DA7034B120D8A9920086CF7A /* Build configuration list for PBXNativeTarget "nearby" */ = {
			isa = XCConfigurationList;
			buildConfigurations = (
				DA7034B220D8A9920086CF7A /* Debug */,
				DA7034B320D8A9920086CF7A /* Release */,
			);
			defaultConfigurationIsVisible = 0;
			defaultConfigurationName = Release;
		};
/* End XCConfigurationList section */
	};
	rootObject = DA70349520D8A9910086CF7A /* Project object */;
}
